
Microsoft Visual Studio Solution File, Format Version 12.00
# Visual Studio Version 17
VisualStudioVersion = 17.7.34202.233
MinimumVisualStudioVersion = 10.0.40219.1
Project("{FAE04EC0-301F-11D3-BF4B-00C04F79EFBC}") = "DDB.ObjectTimer.UI", "DDB.ObjectTimer.UI\DDB.ObjectTimer.UI.csproj", "{A8519984-053F-4B52-8A01-DA8FB0142CBC}"
EndProject
Project("{FAE04EC0-301F-11D3-BF4B-00C04F79EFBC}") = "DDB.ObjectTimer.BL", "DDB.ObjectTimer.BL\DDB.ObjectTimer.BL.csproj", "{35C183AC-4249-4499-9C3A-62B6B5D78D82}"
EndProject
Global
	GlobalSection(SolutionConfigurationPlatforms) = preSolution
		Debug|Any CPU = Debug|Any CPU
		Release|Any CPU = Release|Any CPU
	EndGlobalSection
	GlobalSection(ProjectConfigurationPlatforms) = postSolution
		{A8519984-053F-4B52-8A01-DA8FB0142CBC}.Debug|Any CPU.ActiveCfg = Debug|Any CPU
		{A8519984-053F-4B52-8A01-DA8FB0142CBC}.Debug|Any CPU.Build.0 = Debug|Any CPU
		{A8519984-053F-4B52-8A01-DA8FB0142CBC}.Release|Any CPU.ActiveCfg = Release|Any CPU
		{A8519984-053F-4B52-8A01-DA8FB0142CBC}.Release|Any CPU.Build.0 = Release|Any CPU
		{35C183AC-4249-4499-9C3A-62B6B5D78D82}.Debug|Any CPU.ActiveCfg = Debug|Any CPU
		{35C183AC-4249-4499-9C3A-62B6B5D78D82}.Debug|Any CPU.Build.0 = Debug|Any CPU
		{35C183AC-4249-4499-9C3A-62B6B5D78D82}.Release|Any CPU.ActiveCfg = Release|Any CPU
		{35C183AC-4249-4499-9C3A-62B6B5D78D82}.Release|Any CPU.Build.0 = Release|Any CPU
	EndGlobalSection
	GlobalSection(SolutionProperties) = preSolution
		HideSolutionNode = FALSE
	EndGlobalSection
	GlobalSection(ExtensibilityGlobals) = postSolution
		SolutionGuid = {6CB44505-D0C1-47F5-B7C9-B219232B7278}
	EndGlobalSection
EndGlobal
